// !$*UTF8*$!
{
	archiveVersion = 1;
	classes = {
	};
	objectVersion = 77;
	objects = {

/* Begin PBXBuildFile section */
		092AAAFD7308DCA2ADBF60C2 /* Visualizer.framework in Frameworks */ = {isa = PBXBuildFile; fileRef = 8A64E23EC423E98958910CBB /* Visualizer.framework */; };
		22CD39AFA7F346E340D4F13A /* SvelteVisualizer.swift in Sources */ = {isa = PBXBuildFile; fileRef = 49883DFF8980253B65124888 /* SvelteVisualizer.swift */; };
		2DE6DE3409E958A37EDE549B /* Visualizer.framework in Frameworks */ = {isa = PBXBuildFile; fileRef = 8A64E23EC423E98958910CBB /* Visualizer.framework */; };
		3160AA0560CCD3C0E5693037 /* KeycastrEvent.swift in Sources */ = {isa = PBXBuildFile; fileRef = 776102368071804A6E43C8A2 /* KeycastrEvent.swift */; };
		394BA121FDCAFED80B09381C /* Visualizer.framework in Frameworks */ = {isa = PBXBuildFile; fileRef = 8A64E23EC423E98958910CBB /* Visualizer.framework */; };
		68B0C925A89BC5D12684A1A8 /* DefaultVisualizer.swift in Sources */ = {isa = PBXBuildFile; fileRef = B9ED0D37FE6EFAD2B7146F57 /* DefaultVisualizer.swift */; };
		698D177C868A009D4AC4CA90 /* UserDefaultsMigrationTests.swift in Sources */ = {isa = PBXBuildFile; fileRef = 8F59B95CE8E10F2064B9D1EF /* UserDefaultsMigrationTests.swift */; };
		7A8CB3ECAAE3FC6DB4804939 /* SvelteView.swift in Sources */ = {isa = PBXBuildFile; fileRef = CF49F3125CBE2FAF0C70208F /* SvelteView.swift */; };
		7ED96767853533AE70A2B3FD /* PreferencesWindowController.swift in Sources */ = {isa = PBXBuildFile; fileRef = 9B8DB97D19A1994540AE3AD7 /* PreferencesWindowController.swift */; };
		9463D0BAF025423138C1466B /* VisualizerRegistry.swift in Sources */ = {isa = PBXBuildFile; fileRef = 00BF2391965818DCFD72053E /* VisualizerRegistry.swift */; };
		97FC8FC1EF466CC69BE4AE46 /* Assets.xcassets in Resources */ = {isa = PBXBuildFile; fileRef = 49D5213A7F930603DD6C19EB /* Assets.xcassets */; };
		98B00013CE8D3BA97AAA2F75 /* KeystrokeConversionTests.swift in Sources */ = {isa = PBXBuildFile; fileRef = B26C397CA45D9B37D1BD3852 /* KeystrokeConversionTests.swift */; };
		A9142FD1BB762031255A0B4E /* BezelWindow.swift in Sources */ = {isa = PBXBuildFile; fileRef = 90B84922B8519929DA9CA4E1 /* BezelWindow.swift */; };
		AC007C41BD53A9E9204D2A98 /* SvelteVisualizer.swift in Sources */ = {isa = PBXBuildFile; fileRef = 49883DFF8980253B65124888 /* SvelteVisualizer.swift */; };
		B025A1920BD83964A77361A4 /* App.swift in Sources */ = {isa = PBXBuildFile; fileRef = 4017B908C89B877FABEBAE74 /* App.swift */; };
		B24908CA656F9F826F482B98 /* MouseEvent.swift in Sources */ = {isa = PBXBuildFile; fileRef = E905FFC0BA88B9246923135F /* MouseEvent.swift */; };
		B5D39A9C4C3745F966FA0F06 /* DefaultVisualizerTests.swift in Sources */ = {isa = PBXBuildFile; fileRef = 617AE58760B3BD638B76AD0D /* DefaultVisualizerTests.swift */; };
		B6F96B4FF7434895FE6C77A9 /* AppController.swift in Sources */ = {isa = PBXBuildFile; fileRef = 99C8E20C6D75878988F71B9B /* AppController.swift */; };
		BC14C3A915D7AEF917CE824A /* EventTransformer.swift in Sources */ = {isa = PBXBuildFile; fileRef = 168EA011AAA89F9C06D13897 /* EventTransformer.swift */; };
		BCF871FFE6CF9D117E7DBCB2 /* SvelteView.swift in Sources */ = {isa = PBXBuildFile; fileRef = CF49F3125CBE2FAF0C70208F /* SvelteView.swift */; };
		BD5A8A6BF80D896165B81209 /* Keystroke.swift in Sources */ = {isa = PBXBuildFile; fileRef = FEF4402CA89E1526A384A8CB /* Keystroke.swift */; };
		D726825B6E36CA516BFEDC6D /* Visualizer.framework in Frameworks */ = {isa = PBXBuildFile; fileRef = 8A64E23EC423E98958910CBB /* Visualizer.framework */; };
		DB819D87026340E48925CDF1 /* Visualizer.framework in Embed Frameworks */ = {isa = PBXBuildFile; fileRef = 8A64E23EC423E98958910CBB /* Visualizer.framework */; settings = {ATTRIBUTES = (CodeSignOnCopy, RemoveHeadersOnCopy, ); }; };
		E0B6738603A71987F5613E8E /* BezelWindow.swift in Sources */ = {isa = PBXBuildFile; fileRef = 90B84922B8519929DA9CA4E1 /* BezelWindow.swift */; };
		EBDB05F01BCE9A963D37664B /* DefaultVisualizer.swift in Sources */ = {isa = PBXBuildFile; fileRef = B9ED0D37FE6EFAD2B7146F57 /* DefaultVisualizer.swift */; };
		EDE21513A424DAF2A79A8FA0 /* MouseEventVisualizerTests.swift in Sources */ = {isa = PBXBuildFile; fileRef = 7D9A3B4FE27E39D327951869 /* MouseEventVisualizerTests.swift */; };
		EE76971DC34F3D767E2AF2B7 /* UserDefaultsMigration.swift in Sources */ = {isa = PBXBuildFile; fileRef = 68EAE4C4CC62F9CF27ABB481 /* UserDefaultsMigration.swift */; };
		EF13773B009B8C5F604B94CB /* EventTap.swift in Sources */ = {isa = PBXBuildFile; fileRef = 6B8F20A04FB9FEB4D22DD43B /* EventTap.swift */; };
		F78C1E440F05A1E8CA7A3162 /* MouseEventVisualizer.swift in Sources */ = {isa = PBXBuildFile; fileRef = EDEC491ECF19EA25C4815EA7 /* MouseEventVisualizer.swift */; };
		FE4727FD240E7C156B11F213 /* Visualizer.swift in Sources */ = {isa = PBXBuildFile; fileRef = F872C5AD8670AFD5E75BCA13 /* Visualizer.swift */; };
/* End PBXBuildFile section */

/* Begin PBXContainerItemProxy section */
		0FB8DCA1CFD456A4D8EDAF3B /* PBXContainerItemProxy */ = {
			isa = PBXContainerItemProxy;
			containerPortal = 7AB83407E004EDD0EDBCC46F /* Project object */;
			proxyType = 1;
			remoteGlobalIDString = 9627C29F6E47FC6DD39C59CA;
			remoteInfo = Visualizer;
		};
		38ACC022535A4530F1341A01 /* PBXContainerItemProxy */ = {
			isa = PBXContainerItemProxy;
			containerPortal = 7AB83407E004EDD0EDBCC46F /* Project object */;
			proxyType = 1;
			remoteGlobalIDString = 9627C29F6E47FC6DD39C59CA;
			remoteInfo = Visualizer;
		};
		45684427F9F9619DA7A4CBBE /* PBXContainerItemProxy */ = {
			isa = PBXContainerItemProxy;
			containerPortal = 7AB83407E004EDD0EDBCC46F /* Project object */;
			proxyType = 1;
			remoteGlobalIDString = 81294CA39D5300A0C1CADDFE;
			remoteInfo = Svelte;
		};
		7E00594BE51829DD11BA1DE8 /* PBXContainerItemProxy */ = {
			isa = PBXContainerItemProxy;
			containerPortal = 7AB83407E004EDD0EDBCC46F /* Project object */;
			proxyType = 1;
			remoteGlobalIDString = 9627C29F6E47FC6DD39C59CA;
			remoteInfo = Visualizer;
		};
		9D8C2F4C8FAB8ADF988C84FB /* PBXContainerItemProxy */ = {
			isa = PBXContainerItemProxy;
			containerPortal = 7AB83407E004EDD0EDBCC46F /* Project object */;
			proxyType = 1;
			remoteGlobalIDString = F583883AB72367CC8BBBF8AF;
			remoteInfo = KCDefaultVisualizer;
		};
		A3F1F2982A0E8151911777B3 /* PBXContainerItemProxy */ = {
			isa = PBXContainerItemProxy;
			containerPortal = 7AB83407E004EDD0EDBCC46F /* Project object */;
			proxyType = 1;
			remoteGlobalIDString = 9627C29F6E47FC6DD39C59CA;
			remoteInfo = Visualizer;
		};
/* End PBXContainerItemProxy section */

/* Begin PBXCopyFilesBuildPhase section */
		1243BE470B815109D1739E26 /* Embed Frameworks */ = {
			isa = PBXCopyFilesBuildPhase;
			buildActionMask = 2147483647;
			dstPath = "";
			dstSubfolderSpec = 10;
			files = (
				DB819D87026340E48925CDF1 /* Visualizer.framework in Embed Frameworks */,
			);
			name = "Embed Frameworks";
			runOnlyForDeploymentPostprocessing = 0;
		};
/* End PBXCopyFilesBuildPhase section */

/* Begin PBXFileReference section */
		00BF2391965818DCFD72053E /* VisualizerRegistry.swift */ = {isa = PBXFileReference; lastKnownFileType = sourcecode.swift; path = VisualizerRegistry.swift; sourceTree = "<group>"; };
		168EA011AAA89F9C06D13897 /* EventTransformer.swift */ = {isa = PBXFileReference; lastKnownFileType = sourcecode.swift; path = EventTransformer.swift; sourceTree = "<group>"; };
		4017B908C89B877FABEBAE74 /* App.swift */ = {isa = PBXFileReference; lastKnownFileType = sourcecode.swift; path = App.swift; sourceTree = "<group>"; };
		49883DFF8980253B65124888 /* SvelteVisualizer.swift */ = {isa = PBXFileReference; lastKnownFileType = sourcecode.swift; path = SvelteVisualizer.swift; sourceTree = "<group>"; };
		49D5213A7F930603DD6C19EB /* Assets.xcassets */ = {isa = PBXFileReference; lastKnownFileType = folder.assetcatalog; path = Assets.xcassets; sourceTree = "<group>"; };
		617AE58760B3BD638B76AD0D /* DefaultVisualizerTests.swift */ = {isa = PBXFileReference; lastKnownFileType = sourcecode.swift; path = DefaultVisualizerTests.swift; sourceTree = "<group>"; };
		68EAE4C4CC62F9CF27ABB481 /* UserDefaultsMigration.swift */ = {isa = PBXFileReference; lastKnownFileType = sourcecode.swift; path = UserDefaultsMigration.swift; sourceTree = "<group>"; };
		6B8F20A04FB9FEB4D22DD43B /* EventTap.swift */ = {isa = PBXFileReference; lastKnownFileType = sourcecode.swift; path = EventTap.swift; sourceTree = "<group>"; };
		776102368071804A6E43C8A2 /* KeycastrEvent.swift */ = {isa = PBXFileReference; lastKnownFileType = sourcecode.swift; path = KeycastrEvent.swift; sourceTree = "<group>"; };
		7D9A3B4FE27E39D327951869 /* MouseEventVisualizerTests.swift */ = {isa = PBXFileReference; lastKnownFileType = sourcecode.swift; path = MouseEventVisualizerTests.swift; sourceTree = "<group>"; };
		8A64E23EC423E98958910CBB /* Visualizer.framework */ = {isa = PBXFileReference; explicitFileType = wrapper.framework; includeInIndex = 0; path = Visualizer.framework; sourceTree = BUILT_PRODUCTS_DIR; };
		8B5D8606C56DFE5F5482205A /* KCDefaultVisualizer.kcplugin */ = {isa = PBXFileReference; explicitFileType = wrapper.cfbundle; includeInIndex = 0; path = KCDefaultVisualizer.kcplugin; sourceTree = BUILT_PRODUCTS_DIR; };
		8F59B95CE8E10F2064B9D1EF /* UserDefaultsMigrationTests.swift */ = {isa = PBXFileReference; lastKnownFileType = sourcecode.swift; path = UserDefaultsMigrationTests.swift; sourceTree = "<group>"; };
		90B84922B8519929DA9CA4E1 /* BezelWindow.swift */ = {isa = PBXFileReference; lastKnownFileType = sourcecode.swift; path = BezelWindow.swift; sourceTree = "<group>"; };
		99C8E20C6D75878988F71B9B /* AppController.swift */ = {isa = PBXFileReference; lastKnownFileType = sourcecode.swift; path = AppController.swift; sourceTree = "<group>"; };
		9B8DB97D19A1994540AE3AD7 /* PreferencesWindowController.swift */ = {isa = PBXFileReference; lastKnownFileType = sourcecode.swift; path = PreferencesWindowController.swift; sourceTree = "<group>"; };
		B26C397CA45D9B37D1BD3852 /* KeystrokeConversionTests.swift */ = {isa = PBXFileReference; lastKnownFileType = sourcecode.swift; path = KeystrokeConversionTests.swift; sourceTree = "<group>"; };
		B3B64671602DB0E3910EEA3D /* KeyCastr.app */ = {isa = PBXFileReference; explicitFileType = wrapper.application; includeInIndex = 0; path = KeyCastr.app; sourceTree = BUILT_PRODUCTS_DIR; };
		B9ED0D37FE6EFAD2B7146F57 /* DefaultVisualizer.swift */ = {isa = PBXFileReference; lastKnownFileType = sourcecode.swift; path = DefaultVisualizer.swift; sourceTree = "<group>"; };
		BB6E2F89CB468E42BF5721EF /* Svelte.kcplugin */ = {isa = PBXFileReference; explicitFileType = wrapper.cfbundle; includeInIndex = 0; path = Svelte.kcplugin; sourceTree = BUILT_PRODUCTS_DIR; };
		CF49F3125CBE2FAF0C70208F /* SvelteView.swift */ = {isa = PBXFileReference; lastKnownFileType = sourcecode.swift; path = SvelteView.swift; sourceTree = "<group>"; };
		E382CC61CD9A7DE9D4658E7F /* KeyCastrTests.xctest */ = {isa = PBXFileReference; explicitFileType = wrapper.cfbundle; includeInIndex = 0; path = KeyCastrTests.xctest; sourceTree = BUILT_PRODUCTS_DIR; };
		E905FFC0BA88B9246923135F /* MouseEvent.swift */ = {isa = PBXFileReference; lastKnownFileType = sourcecode.swift; path = MouseEvent.swift; sourceTree = "<group>"; };
		EDEC491ECF19EA25C4815EA7 /* MouseEventVisualizer.swift */ = {isa = PBXFileReference; lastKnownFileType = sourcecode.swift; path = MouseEventVisualizer.swift; sourceTree = "<group>"; };
		F872C5AD8670AFD5E75BCA13 /* Visualizer.swift */ = {isa = PBXFileReference; lastKnownFileType = sourcecode.swift; path = Visualizer.swift; sourceTree = "<group>"; };
		FEF4402CA89E1526A384A8CB /* Keystroke.swift */ = {isa = PBXFileReference; lastKnownFileType = sourcecode.swift; path = Keystroke.swift; sourceTree = "<group>"; };
/* End PBXFileReference section */

/* Begin PBXFrameworksBuildPhase section */
		08D04E9A426FD791D81CD2B3 /* Frameworks */ = {
			isa = PBXFrameworksBuildPhase;
			buildActionMask = 2147483647;
			files = (
				394BA121FDCAFED80B09381C /* Visualizer.framework in Frameworks */,
			);
			runOnlyForDeploymentPostprocessing = 0;
		};
		22F9B07DC192537A48890C69 /* Frameworks */ = {
			isa = PBXFrameworksBuildPhase;
			buildActionMask = 2147483647;
			files = (
				092AAAFD7308DCA2ADBF60C2 /* Visualizer.framework in Frameworks */,
			);
			runOnlyForDeploymentPostprocessing = 0;
		};
		47710AAE8A76CEB77BFB81B6 /* Frameworks */ = {
			isa = PBXFrameworksBuildPhase;
			buildActionMask = 2147483647;
			files = (
				D726825B6E36CA516BFEDC6D /* Visualizer.framework in Frameworks */,
			);
			runOnlyForDeploymentPostprocessing = 0;
		};
		EDE4B809F7A7E52438358AB0 /* Frameworks */ = {
			isa = PBXFrameworksBuildPhase;
			buildActionMask = 2147483647;
			files = (
				2DE6DE3409E958A37EDE549B /* Visualizer.framework in Frameworks */,
			);
			runOnlyForDeploymentPostprocessing = 0;
		};
/* End PBXFrameworksBuildPhase section */

/* Begin PBXGroup section */
		3D0461B3EED0872D9C14149A /* Products */ = {
			isa = PBXGroup;
			children = (
				8B5D8606C56DFE5F5482205A /* KCDefaultVisualizer.kcplugin */,
				B3B64671602DB0E3910EEA3D /* KeyCastr.app */,
				E382CC61CD9A7DE9D4658E7F /* KeyCastrTests.xctest */,
				BB6E2F89CB468E42BF5721EF /* Svelte.kcplugin */,
				8A64E23EC423E98958910CBB /* Visualizer.framework */,
			);
			name = Products;
			sourceTree = "<group>";
		};
		3D08DA4F740D7FC484812F76 /* Plugins */ = {
			isa = PBXGroup;
			children = (
				5474B5D6BDB939AE5F4D021B /* DefaultVisualizer */,
				50CDC0407D422732BBC79871 /* Svelte */,
			);
			path = Plugins;
			sourceTree = "<group>";
		};
		50CDC0407D422732BBC79871 /* Svelte */ = {
			isa = PBXGroup;
			children = (
				CF49F3125CBE2FAF0C70208F /* SvelteView.swift */,
				49883DFF8980253B65124888 /* SvelteVisualizer.swift */,
			);
			path = Svelte;
			sourceTree = "<group>";
		};
		5474B5D6BDB939AE5F4D021B /* DefaultVisualizer */ = {
			isa = PBXGroup;
			children = (
				90B84922B8519929DA9CA4E1 /* BezelWindow.swift */,
				B9ED0D37FE6EFAD2B7146F57 /* DefaultVisualizer.swift */,
			);
			path = DefaultVisualizer;
			sourceTree = "<group>";
		};
		89A48A68F220141B20D22553 /* Tests */ = {
			isa = PBXGroup;
			children = (
				617AE58760B3BD638B76AD0D /* DefaultVisualizerTests.swift */,
				B26C397CA45D9B37D1BD3852 /* KeystrokeConversionTests.swift */,
				7D9A3B4FE27E39D327951869 /* MouseEventVisualizerTests.swift */,
				8F59B95CE8E10F2064B9D1EF /* UserDefaultsMigrationTests.swift */,
			);
			path = Tests;
			sourceTree = "<group>";
		};
		B68566638E10187CE1CC197A /* Resources */ = {
			isa = PBXGroup;
			children = (
				49D5213A7F930603DD6C19EB /* Assets.xcassets */,
			);
			path = Resources;
			sourceTree = "<group>";
		};
		C7530FA0D04D3BCA2601BBC9 = {
			isa = PBXGroup;
			children = (
				CDE563F656E563D783DF1CC2 /* App */,
				3D08DA4F740D7FC484812F76 /* Plugins */,
				B68566638E10187CE1CC197A /* Resources */,
				89A48A68F220141B20D22553 /* Tests */,
				DE9E3C2FD93858BE8E43C767 /* Visualizer */,
				3D0461B3EED0872D9C14149A /* Products */,
			);
			sourceTree = "<group>";
		};
		CDE563F656E563D783DF1CC2 /* App */ = {
			isa = PBXGroup;
			children = (
				4017B908C89B877FABEBAE74 /* App.swift */,
				99C8E20C6D75878988F71B9B /* AppController.swift */,
				9B8DB97D19A1994540AE3AD7 /* PreferencesWindowController.swift */,
			);
			path = App;
			sourceTree = "<group>";
		};
		DE9E3C2FD93858BE8E43C767 /* Visualizer */ = {
			isa = PBXGroup;
			children = (
				6B8F20A04FB9FEB4D22DD43B /* EventTap.swift */,
				168EA011AAA89F9C06D13897 /* EventTransformer.swift */,
				776102368071804A6E43C8A2 /* KeycastrEvent.swift */,
				FEF4402CA89E1526A384A8CB /* Keystroke.swift */,
				E905FFC0BA88B9246923135F /* MouseEvent.swift */,
				EDEC491ECF19EA25C4815EA7 /* MouseEventVisualizer.swift */,
				68EAE4C4CC62F9CF27ABB481 /* UserDefaultsMigration.swift */,
				F872C5AD8670AFD5E75BCA13 /* Visualizer.swift */,
				00BF2391965818DCFD72053E /* VisualizerRegistry.swift */,
			);
			path = Visualizer;
			sourceTree = "<group>";
		};
/* End PBXGroup section */

/* Begin PBXNativeTarget section */
		81294CA39D5300A0C1CADDFE /* Svelte */ = {
			isa = PBXNativeTarget;
			buildConfigurationList = C68686FEC53004C46A7ADDB9 /* Build configuration list for PBXNativeTarget "Svelte" */;
			buildPhases = (
				7382D045FA06058B5B416323 /* Sources */,
				22F9B07DC192537A48890C69 /* Frameworks */,
			);
			buildRules = (
			);
			dependencies = (
				0CA8787C823298B4DE7C6D1C /* PBXTargetDependency */,
			);
			name = Svelte;
			packageProductDependencies = (
			);
			productName = Svelte;
			productReference = BB6E2F89CB468E42BF5721EF /* Svelte.kcplugin */;
			productType = "com.apple.product-type.bundle";
		};
		9627C29F6E47FC6DD39C59CA /* Visualizer */ = {
			isa = PBXNativeTarget;
			buildConfigurationList = CAF84F39C09A49498235F144 /* Build configuration list for PBXNativeTarget "Visualizer" */;
			buildPhases = (
				7E6987B2540FD65AA1EA5F16 /* Sources */,
			);
			buildRules = (
			);
			dependencies = (
			);
			name = Visualizer;
			packageProductDependencies = (
			);
			productName = Visualizer;
			productReference = 8A64E23EC423E98958910CBB /* Visualizer.framework */;
			productType = "com.apple.product-type.framework";
		};
		E00D75838BBF99FB415223AB /* KeyCastrTests */ = {
			isa = PBXNativeTarget;
			buildConfigurationList = C2AC94EF8508C968122BEE55 /* Build configuration list for PBXNativeTarget "KeyCastrTests" */;
			buildPhases = (
				8F7455D517CD1CFC094BFE28 /* Sources */,
				EDE4B809F7A7E52438358AB0 /* Frameworks */,
			);
			buildRules = (
			);
			dependencies = (
				E8A3ED221DC469C3489130A5 /* PBXTargetDependency */,
			);
			name = KeyCastrTests;
			packageProductDependencies = (
			);
			productName = KeyCastrTests;
			productReference = E382CC61CD9A7DE9D4658E7F /* KeyCastrTests.xctest */;
			productType = "com.apple.product-type.bundle.unit-test";
		};
		F583883AB72367CC8BBBF8AF /* KCDefaultVisualizer */ = {
			isa = PBXNativeTarget;
			buildConfigurationList = 5FF9A78760B72909BD8EC3F4 /* Build configuration list for PBXNativeTarget "KCDefaultVisualizer" */;
			buildPhases = (
				F486EAA85DD683C6A79DFA04 /* Sources */,
				47710AAE8A76CEB77BFB81B6 /* Frameworks */,
			);
			buildRules = (
			);
			dependencies = (
				4B5AA6C606B4C5B4B91EED82 /* PBXTargetDependency */,
			);
			name = KCDefaultVisualizer;
			packageProductDependencies = (
			);
			productName = KCDefaultVisualizer;
			productReference = 8B5D8606C56DFE5F5482205A /* KCDefaultVisualizer.kcplugin */;
			productType = "com.apple.product-type.bundle";
		};
		FE49104CC0F6239361197347 /* KeyCastr */ = {
			isa = PBXNativeTarget;
			buildConfigurationList = 814F94DBF576E5829652B241 /* Build configuration list for PBXNativeTarget "KeyCastr" */;
			buildPhases = (
				5FE5F51AADB27BFADB37F0F6 /* Sources */,
				F2CA8F96F69CDDA82C44D85F /* Resources */,
				08D04E9A426FD791D81CD2B3 /* Frameworks */,
				1243BE470B815109D1739E26 /* Embed Frameworks */,
				824A2C66A3BB810F4CB9FAF1 /* Embed PlugIns */,
			);
			buildRules = (
			);
			dependencies = (
				18F9AFD55CFF1A2B9EAE8964 /* PBXTargetDependency */,
				BC16396D60880F8899D79E9C /* PBXTargetDependency */,
				4BBF9F04D570542B4DDBE242 /* PBXTargetDependency */,
			);
			name = KeyCastr;
			packageProductDependencies = (
			);
			productName = KeyCastr;
			productReference = B3B64671602DB0E3910EEA3D /* KeyCastr.app */;
			productType = "com.apple.product-type.application";
		};
/* End PBXNativeTarget section */

/* Begin PBXProject section */
		7AB83407E004EDD0EDBCC46F /* Project object */ = {
			isa = PBXProject;
			attributes = {
				BuildIndependentTargetsInParallel = YES;
				LastUpgradeCheck = 2640;
				TargetAttributes = {
					81294CA39D5300A0C1CADDFE = {
						ProvisioningStyle = Automatic;
					};
					9627C29F6E47FC6DD39C59CA = {
						ProvisioningStyle = Automatic;
					};
					E00D75838BBF99FB415223AB = {
						ProvisioningStyle = Automatic;
					};
					F583883AB72367CC8BBBF8AF = {
						ProvisioningStyle = Automatic;
					};
					FE49104CC0F6239361197347 = {
						ProvisioningStyle = Automatic;
					};
				};
			};
			buildConfigurationList = 18C462C6F16FFEFAA30F8A57 /* Build configuration list for PBXProject "KeyCastr" */;
			developmentRegion = en;
			hasScannedForEncodings = 0;
			knownRegions = (
				Base,
				en,
			);
			mainGroup = C7530FA0D04D3BCA2601BBC9;
			minimizedProjectReferenceProxies = 1;
			preferredProjectObjectVersion = 77;
			productRefGroup = 3D0461B3EED0872D9C14149A /* Products */;
			projectDirPath = "";
			projectRoot = "";
			targets = (
				F583883AB72367CC8BBBF8AF /* KCDefaultVisualizer */,
				FE49104CC0F6239361197347 /* KeyCastr */,
				E00D75838BBF99FB415223AB /* KeyCastrTests */,
				81294CA39D5300A0C1CADDFE /* Svelte */,
				9627C29F6E47FC6DD39C59CA /* Visualizer */,
			);
		};
/* End PBXProject section */

/* Begin PBXResourcesBuildPhase section */
		F2CA8F96F69CDDA82C44D85F /* Resources */ = {
			isa = PBXResourcesBuildPhase;
			buildActionMask = 2147483647;
			files = (
				97FC8FC1EF466CC69BE4AE46 /* Assets.xcassets in Resources */,
			);
			runOnlyForDeploymentPostprocessing = 0;
		};
/* End PBXResourcesBuildPhase section */

/* Begin PBXShellScriptBuildPhase section */
		824A2C66A3BB810F4CB9FAF1 /* Embed PlugIns */ = {
			isa = PBXShellScriptBuildPhase;
			buildActionMask = 2147483647;
			files = (
			);
			inputFileListPaths = (
			);
			inputPaths = (
				"$(TARGET_BUILD_DIR)/KCDefaultVisualizer.kcplugin",
				"$(TARGET_BUILD_DIR)/Svelte.kcplugin",
			);
			name = "Embed PlugIns";
			outputFileListPaths = (
			);
			outputPaths = (
				"$(TARGET_BUILD_DIR)/$(PRODUCT_NAME).app/Contents/PlugIns/KCDefaultVisualizer.kcplugin",
				"$(TARGET_BUILD_DIR)/$(PRODUCT_NAME).app/Contents/PlugIns/Svelte.kcplugin",
			);
			runOnlyForDeploymentPostprocessing = 0;
			shellPath = /bin/sh;
			shellScript = "set -e\nPLUGIN_DIR=\"${TARGET_BUILD_DIR}/${PRODUCT_NAME}.app/Contents/PlugIns\"\nmkdir -p \"$PLUGIN_DIR\"\nfor plugin in KCDefaultVisualizer Svelte; do\n  SRC=\"${TARGET_BUILD_DIR}/${plugin}.kcplugin\"\n  if [ -d \"$SRC\" ]; then\n    rsync -a --delete \"$SRC\" \"$PLUGIN_DIR/\"\n    /usr/bin/codesign --force --sign - --timestamp=none \"$PLUGIN_DIR/${plugin}.kcplugin\" || true\n  fi\ndone\n";
		};
/* End PBXShellScriptBuildPhase section */

/* Begin PBXSourcesBuildPhase section */
		5FE5F51AADB27BFADB37F0F6 /* Sources */ = {
			isa = PBXSourcesBuildPhase;
			buildActionMask = 2147483647;
			files = (
				B025A1920BD83964A77361A4 /* App.swift in Sources */,
				B6F96B4FF7434895FE6C77A9 /* AppController.swift in Sources */,
				7ED96767853533AE70A2B3FD /* PreferencesWindowController.swift in Sources */,
			);
			runOnlyForDeploymentPostprocessing = 0;
		};
		7382D045FA06058B5B416323 /* Sources */ = {
			isa = PBXSourcesBuildPhase;
			buildActionMask = 2147483647;
			files = (
				7A8CB3ECAAE3FC6DB4804939 /* SvelteView.swift in Sources */,
				AC007C41BD53A9E9204D2A98 /* SvelteVisualizer.swift in Sources */,
			);
			runOnlyForDeploymentPostprocessing = 0;
		};
		7E6987B2540FD65AA1EA5F16 /* Sources */ = {
			isa = PBXSourcesBuildPhase;
			buildActionMask = 2147483647;
			files = (
				EF13773B009B8C5F604B94CB /* EventTap.swift in Sources */,
				BC14C3A915D7AEF917CE824A /* EventTransformer.swift in Sources */,
				3160AA0560CCD3C0E5693037 /* KeycastrEvent.swift in Sources */,
				BD5A8A6BF80D896165B81209 /* Keystroke.swift in Sources */,
				B24908CA656F9F826F482B98 /* MouseEvent.swift in Sources */,
				F78C1E440F05A1E8CA7A3162 /* MouseEventVisualizer.swift in Sources */,
				EE76971DC34F3D767E2AF2B7 /* UserDefaultsMigration.swift in Sources */,
				FE4727FD240E7C156B11F213 /* Visualizer.swift in Sources */,
				9463D0BAF025423138C1466B /* VisualizerRegistry.swift in Sources */,
			);
			runOnlyForDeploymentPostprocessing = 0;
		};
		8F7455D517CD1CFC094BFE28 /* Sources */ = {
			isa = PBXSourcesBuildPhase;
			buildActionMask = 2147483647;
			files = (
				A9142FD1BB762031255A0B4E /* BezelWindow.swift in Sources */,
				EBDB05F01BCE9A963D37664B /* DefaultVisualizer.swift in Sources */,
				B5D39A9C4C3745F966FA0F06 /* DefaultVisualizerTests.swift in Sources */,
				98B00013CE8D3BA97AAA2F75 /* KeystrokeConversionTests.swift in Sources */,
				EDE21513A424DAF2A79A8FA0 /* MouseEventVisualizerTests.swift in Sources */,
				BCF871FFE6CF9D117E7DBCB2 /* SvelteView.swift in Sources */,
				22CD39AFA7F346E340D4F13A /* SvelteVisualizer.swift in Sources */,
				698D177C868A009D4AC4CA90 /* UserDefaultsMigrationTests.swift in Sources */,
			);
			runOnlyForDeploymentPostprocessing = 0;
		};
		F486EAA85DD683C6A79DFA04 /* Sources */ = {
			isa = PBXSourcesBuildPhase;
			buildActionMask = 2147483647;
			files = (
				E0B6738603A71987F5613E8E /* BezelWindow.swift in Sources */,
				68B0C925A89BC5D12684A1A8 /* DefaultVisualizer.swift in Sources */,
			);
			runOnlyForDeploymentPostprocessing = 0;
		};
/* End PBXSourcesBuildPhase section */

/* Begin PBXTargetDependency section */
		0CA8787C823298B4DE7C6D1C /* PBXTargetDependency */ = {
			isa = PBXTargetDependency;
			target = 9627C29F6E47FC6DD39C59CA /* Visualizer */;
			targetProxy = A3F1F2982A0E8151911777B3 /* PBXContainerItemProxy */;
		};
		18F9AFD55CFF1A2B9EAE8964 /* PBXTargetDependency */ = {
			isa = PBXTargetDependency;
			target = 9627C29F6E47FC6DD39C59CA /* Visualizer */;
			targetProxy = 7E00594BE51829DD11BA1DE8 /* PBXContainerItemProxy */;
		};
		4B5AA6C606B4C5B4B91EED82 /* PBXTargetDependency */ = {
			isa = PBXTargetDependency;
			target = 9627C29F6E47FC6DD39C59CA /* Visualizer */;
			targetProxy = 38ACC022535A4530F1341A01 /* PBXContainerItemProxy */;
		};
		4BBF9F04D570542B4DDBE242 /* PBXTargetDependency */ = {
			isa = PBXTargetDependency;
			target = 81294CA39D5300A0C1CADDFE /* Svelte */;
			targetProxy = 45684427F9F9619DA7A4CBBE /* PBXContainerItemProxy */;
		};
		BC16396D60880F8899D79E9C /* PBXTargetDependency */ = {
			isa = PBXTargetDependency;
			target = F583883AB72367CC8BBBF8AF /* KCDefaultVisualizer */;
			targetProxy = 9D8C2F4C8FAB8ADF988C84FB /* PBXContainerItemProxy */;
		};
		E8A3ED221DC469C3489130A5 /* PBXTargetDependency */ = {
			isa = PBXTargetDependency;
			target = 9627C29F6E47FC6DD39C59CA /* Visualizer */;
			targetProxy = 0FB8DCA1CFD456A4D8EDAF3B /* PBXContainerItemProxy */;
		};
/* End PBXTargetDependency section */

/* Begin XCBuildConfiguration section */
		0CA147163C47D67BD91F29EB /* Debug */ = {
			isa = XCBuildConfiguration;
			buildSettings = {
				BUNDLE_LOADER = "$(TEST_HOST)";
				COMBINE_HIDPI_IMAGES = YES;
				LD_RUNPATH_SEARCH_PATHS = (
					"$(inherited)",
					"@executable_path/../Frameworks",
					"@loader_path/../Frameworks",
				);
				PRODUCT_BUNDLE_IDENTIFIER = io.github.keycastr.KeyCastrTests;
				PRODUCT_NAME = KeyCastrTests;
				SDKROOT = macosx;
			};
			name = Debug;
		};
		14E7307FFBECC9C5A82E9443 /* Release */ = {
			isa = XCBuildConfiguration;
			buildSettings = {
				COMBINE_HIDPI_IMAGES = YES;
				INFOPLIST_KEY_CFBundlePackageType = BNDL;
				INFOPLIST_KEY_NSPrincipalClass = DefaultVisualizerFactory;
				LD_RUNPATH_SEARCH_PATHS = (
					"@loader_path/../../../../Frameworks",
					"@executable_path/../Frameworks",
				);
				PRODUCT_BUNDLE_IDENTIFIER = io.github.keycastr.KCDefaultVisualizer;
				PRODUCT_NAME = KCDefaultVisualizer;
				SDKROOT = macosx;
				SKIP_INSTALL = YES;
				WRAPPER_EXTENSION = kcplugin;
			};
			name = Release;
		};
		196F835DA038852E6036DB70 /* Release */ = {
			isa = XCBuildConfiguration;
			buildSettings = {
				ALWAYS_SEARCH_USER_PATHS = NO;
				CLANG_ANALYZER_NONNULL = YES;
				CLANG_ANALYZER_NUMBER_OBJECT_CONVERSION = YES_AGGRESSIVE;
				CLANG_CXX_LANGUAGE_STANDARD = "gnu++14";
				CLANG_CXX_LIBRARY = "libc++";
				CLANG_ENABLE_MODULES = YES;
				CLANG_ENABLE_OBJC_ARC = YES;
				CLANG_ENABLE_OBJC_WEAK = YES;
				CLANG_WARN_BLOCK_CAPTURE_AUTORELEASING = YES;
				CLANG_WARN_BOOL_CONVERSION = YES;
				CLANG_WARN_COMMA = YES;
				CLANG_WARN_CONSTANT_CONVERSION = YES;
				CLANG_WARN_DEPRECATED_OBJC_IMPLEMENTATIONS = YES;
				CLANG_WARN_DIRECT_OBJC_ISA_USAGE = YES_ERROR;
				CLANG_WARN_DOCUMENTATION_COMMENTS = YES;
				CLANG_WARN_EMPTY_BODY = YES;
				CLANG_WARN_ENUM_CONVERSION = YES;
				CLANG_WARN_INFINITE_RECURSION = YES;
				CLANG_WARN_INT_CONVERSION = YES;
				CLANG_WARN_NON_LITERAL_NULL_CONVERSION = YES;
				CLANG_WARN_OBJC_IMPLICIT_RETAIN_SELF = YES;
				CLANG_WARN_OBJC_LITERAL_CONVERSION = YES;
				CLANG_WARN_OBJC_ROOT_CLASS = YES_ERROR;
				CLANG_WARN_QUOTED_INCLUDE_IN_FRAMEWORK_HEADER = YES;
				CLANG_WARN_RANGE_LOOP_ANALYSIS = YES;
				CLANG_WARN_STRICT_PROTOTYPES = YES;
				CLANG_WARN_SUSPICIOUS_MOVE = YES;
				CLANG_WARN_UNGUARDED_AVAILABILITY = YES_AGGRESSIVE;
				CLANG_WARN_UNREACHABLE_CODE = YES;
				CLANG_WARN__DUPLICATE_METHOD_MATCH = YES;
				CODE_SIGN_IDENTITY = "-";
				CODE_SIGN_STYLE = Automatic;
				COMBINE_HIDPI_IMAGES = YES;
				COPY_PHASE_STRIP = NO;
				CURRENT_PROJECT_VERSION = 1.0.0;
				DEAD_CODE_STRIPPING = YES;
				DEBUG_INFORMATION_FORMAT = "dwarf-with-dsym";
				ENABLE_HARDENED_RUNTIME = YES;
				ENABLE_NS_ASSERTIONS = NO;
				ENABLE_STRICT_OBJC_MSGSEND = YES;
				ENABLE_USER_SCRIPT_SANDBOXING = NO;
				GCC_C_LANGUAGE_STANDARD = gnu11;
				GCC_NO_COMMON_BLOCKS = YES;
				GCC_WARN_64_TO_32_BIT_CONVERSION = YES;
				GCC_WARN_ABOUT_RETURN_TYPE = YES_ERROR;
				GCC_WARN_UNDECLARED_SELECTOR = YES;
				GCC_WARN_UNINITIALIZED_AUTOS = YES_AGGRESSIVE;
				GCC_WARN_UNUSED_FUNCTION = YES;
				GCC_WARN_UNUSED_VARIABLE = YES;
				GENERATE_INFOPLIST_FILE = YES;
				MACOSX_DEPLOYMENT_TARGET = 26.0;
				MARKETING_VERSION = 1.0.0;
				MTL_ENABLE_DEBUG_INFO = NO;
				MTL_FAST_MATH = YES;
				PRODUCT_NAME = "$(TARGET_NAME)";
				SDKROOT = macosx;
				STRING_CATALOG_GENERATE_SYMBOLS = YES;
				SWIFT_COMPILATION_MODE = wholemodule;
				SWIFT_OPTIMIZATION_LEVEL = "-O";
				SWIFT_STRICT_CONCURRENCY = minimal;
				SWIFT_TREAT_WARNINGS_AS_ERRORS = NO;
				SWIFT_VERSION = 5;
			};
			name = Release;
		};
		54A2D94FF17A8C2A8D6E29FF /* Release */ = {
			isa = XCBuildConfiguration;
			buildSettings = {
				BUNDLE_LOADER = "$(TEST_HOST)";
				COMBINE_HIDPI_IMAGES = YES;
				LD_RUNPATH_SEARCH_PATHS = (
					"$(inherited)",
					"@executable_path/../Frameworks",
					"@loader_path/../Frameworks",
				);
				PRODUCT_BUNDLE_IDENTIFIER = io.github.keycastr.KeyCastrTests;
				PRODUCT_NAME = KeyCastrTests;
				SDKROOT = macosx;
			};
			name = Release;
		};
		6C6BA950FA52122B5753C8EF /* Debug */ = {
			isa = XCBuildConfiguration;
			buildSettings = {
				ASSETCATALOG_COMPILER_APPICON_NAME = AppIcon;
				CODE_SIGN_ENTITLEMENTS = KeyCastr.entitlements;
				COMBINE_HIDPI_IMAGES = YES;
				INFOPLIST_KEY_LSApplicationCategoryType = "public.app-category.productivity";
				INFOPLIST_KEY_LSUIElement = YES;
				INFOPLIST_KEY_NSHumanReadableCopyright = "Copyright © 2009-2026 Stephen Deken, Andrew Kitchen, and contributors.";
				INFOPLIST_KEY_NSInputMonitoringUsageDescription = "KeyCastr needs Input Monitoring to capture keystrokes for on-screen display.";
				INFOPLIST_KEY_NSMainStoryboardFile = "";
				INFOPLIST_KEY_NSPrincipalClass = NSApplication;
				LD_RUNPATH_SEARCH_PATHS = "@executable_path/../Frameworks";
				PRODUCT_BUNDLE_IDENTIFIER = io.github.keycastr.KeyCastr;
				PRODUCT_NAME = KeyCastr;
				SDKROOT = macosx;
			};
			name = Debug;
		};
		8BE0CA5915D4C95AD96C7AAC /* Release */ = {
			isa = XCBuildConfiguration;
			buildSettings = {
				COMBINE_HIDPI_IMAGES = YES;
				INFOPLIST_KEY_CFBundlePackageType = BNDL;
				INFOPLIST_KEY_NSPrincipalClass = SvelteVisualizerFactory;
				LD_RUNPATH_SEARCH_PATHS = (
					"@loader_path/../../../../Frameworks",
					"@executable_path/../Frameworks",
				);
				PRODUCT_BUNDLE_IDENTIFIER = io.github.keycastr.Svelte;
				PRODUCT_NAME = Svelte;
				SDKROOT = macosx;
				SKIP_INSTALL = YES;
				WRAPPER_EXTENSION = kcplugin;
			};
			name = Release;
		};
		CC490983A8AE306B72CAC347 /* Debug */ = {
			isa = XCBuildConfiguration;
			buildSettings = {
				BUILD_LIBRARY_FOR_DISTRIBUTION = NO;
				CODE_SIGN_IDENTITY = "";
				COMBINE_HIDPI_IMAGES = YES;
				CURRENT_PROJECT_VERSION = 1;
				DEFINES_MODULE = YES;
				DYLIB_COMPATIBILITY_VERSION = 1;
				DYLIB_CURRENT_VERSION = 1;
				DYLIB_INSTALL_NAME_BASE = "@rpath";
				ENABLE_MODULE_VERIFIER = YES;
				INSTALL_PATH = "$(LOCAL_LIBRARY_DIR)/Frameworks";
				LD_RUNPATH_SEARCH_PATHS = (
					"@executable_path/../Frameworks",
					"@loader_path/Frameworks",
				);
				MODULE_VERIFIER_SUPPORTED_LANGUAGE_STANDARDS = "gnu11 gnu++14";
				PRODUCT_BUNDLE_IDENTIFIER = io.github.keycastr.Visualizer;
				PRODUCT_NAME = Visualizer;
				SDKROOT = macosx;
				SKIP_INSTALL = YES;
				VERSIONING_SYSTEM = "apple-generic";
			};
			name = Debug;
		};
		EC743FE949AC20F0070B8311 /* Debug */ = {
			isa = XCBuildConfiguration;
			buildSettings = {
				ALWAYS_SEARCH_USER_PATHS = NO;
				CLANG_ANALYZER_NONNULL = YES;
				CLANG_ANALYZER_NUMBER_OBJECT_CONVERSION = YES_AGGRESSIVE;
				CLANG_CXX_LANGUAGE_STANDARD = "gnu++14";
				CLANG_CXX_LIBRARY = "libc++";
				CLANG_ENABLE_MODULES = YES;
				CLANG_ENABLE_OBJC_ARC = YES;
				CLANG_ENABLE_OBJC_WEAK = YES;
				CLANG_WARN_BLOCK_CAPTURE_AUTORELEASING = YES;
				CLANG_WARN_BOOL_CONVERSION = YES;
				CLANG_WARN_COMMA = YES;
				CLANG_WARN_CONSTANT_CONVERSION = YES;
				CLANG_WARN_DEPRECATED_OBJC_IMPLEMENTATIONS = YES;
				CLANG_WARN_DIRECT_OBJC_ISA_USAGE = YES_ERROR;
				CLANG_WARN_DOCUMENTATION_COMMENTS = YES;
				CLANG_WARN_EMPTY_BODY = YES;
				CLANG_WARN_ENUM_CONVERSION = YES;
				CLANG_WARN_INFINITE_RECURSION = YES;
				CLANG_WARN_INT_CONVERSION = YES;
				CLANG_WARN_NON_LITERAL_NULL_CONVERSION = YES;
				CLANG_WARN_OBJC_IMPLICIT_RETAIN_SELF = YES;
				CLANG_WARN_OBJC_LITERAL_CONVERSION = YES;
				CLANG_WARN_OBJC_ROOT_CLASS = YES_ERROR;
				CLANG_WARN_QUOTED_INCLUDE_IN_FRAMEWORK_HEADER = YES;
				CLANG_WARN_RANGE_LOOP_ANALYSIS = YES;
				CLANG_WARN_STRICT_PROTOTYPES = YES;
				CLANG_WARN_SUSPICIOUS_MOVE = YES;
				CLANG_WARN_UNGUARDED_AVAILABILITY = YES_AGGRESSIVE;
				CLANG_WARN_UNREACHABLE_CODE = YES;
				CLANG_WARN__DUPLICATE_METHOD_MATCH = YES;
				CODE_SIGN_IDENTITY = "-";
				CODE_SIGN_STYLE = Automatic;
				COMBINE_HIDPI_IMAGES = YES;
				COPY_PHASE_STRIP = NO;
				CURRENT_PROJECT_VERSION = 1.0.0;
				DEAD_CODE_STRIPPING = YES;
				DEBUG_INFORMATION_FORMAT = dwarf;
				ENABLE_HARDENED_RUNTIME = YES;
				ENABLE_STRICT_OBJC_MSGSEND = YES;
				ENABLE_TESTABILITY = YES;
				ENABLE_USER_SCRIPT_SANDBOXING = NO;
				GCC_C_LANGUAGE_STANDARD = gnu11;
				GCC_DYNAMIC_NO_PIC = NO;
				GCC_NO_COMMON_BLOCKS = YES;
				GCC_OPTIMIZATION_LEVEL = 0;
				GCC_PREPROCESSOR_DEFINITIONS = (
					"$(inherited)",
					"DEBUG=1",
				);
				GCC_WARN_64_TO_32_BIT_CONVERSION = YES;
				GCC_WARN_ABOUT_RETURN_TYPE = YES_ERROR;
				GCC_WARN_UNDECLARED_SELECTOR = YES;
				GCC_WARN_UNINITIALIZED_AUTOS = YES_AGGRESSIVE;
				GCC_WARN_UNUSED_FUNCTION = YES;
				GCC_WARN_UNUSED_VARIABLE = YES;
				GENERATE_INFOPLIST_FILE = YES;
				MACOSX_DEPLOYMENT_TARGET = 26.0;
				MARKETING_VERSION = 1.0.0;
				MTL_ENABLE_DEBUG_INFO = INCLUDE_SOURCE;
				MTL_FAST_MATH = YES;
				ONLY_ACTIVE_ARCH = YES;
				PRODUCT_NAME = "$(TARGET_NAME)";
				SDKROOT = macosx;
				STRING_CATALOG_GENERATE_SYMBOLS = YES;
				SWIFT_ACTIVE_COMPILATION_CONDITIONS = DEBUG;
				SWIFT_OPTIMIZATION_LEVEL = "-Onone";
				SWIFT_STRICT_CONCURRENCY = minimal;
				SWIFT_TREAT_WARNINGS_AS_ERRORS = NO;
				SWIFT_VERSION = 5;
			};
			name = Debug;
		};
		F72B92DA00515513E51D49BD /* Debug */ = {
			isa = XCBuildConfiguration;
			buildSettings = {
				COMBINE_HIDPI_IMAGES = YES;
				INFOPLIST_KEY_CFBundlePackageType = BNDL;
				INFOPLIST_KEY_NSPrincipalClass = SvelteVisualizerFactory;
				LD_RUNPATH_SEARCH_PATHS = (
					"@loader_path/../../../../Frameworks",
					"@executable_path/../Frameworks",
				);
				PRODUCT_BUNDLE_IDENTIFIER = io.github.keycastr.Svelte;
				PRODUCT_NAME = Svelte;
				SDKROOT = macosx;
				SKIP_INSTALL = YES;
				WRAPPER_EXTENSION = kcplugin;
			};
			name = Debug;
		};
		F8C48E47063AD130B3E43014 /* Debug */ = {
			isa = XCBuildConfiguration;
			buildSettings = {
				COMBINE_HIDPI_IMAGES = YES;
				INFOPLIST_KEY_CFBundlePackageType = BNDL;
				INFOPLIST_KEY_NSPrincipalClass = DefaultVisualizerFactory;
				LD_RUNPATH_SEARCH_PATHS = (
					"@loader_path/../../../../Frameworks",
					"@executable_path/../Frameworks",
				);
				PRODUCT_BUNDLE_IDENTIFIER = io.github.keycastr.KCDefaultVisualizer;
				PRODUCT_NAME = KCDefaultVisualizer;
				SDKROOT = macosx;
				SKIP_INSTALL = YES;
				WRAPPER_EXTENSION = kcplugin;
			};
			name = Debug;
		};
		FBF111E0742EA36F078FC683 /* Release */ = {
			isa = XCBuildConfiguration;
			buildSettings = {
				ASSETCATALOG_COMPILER_APPICON_NAME = AppIcon;
				CODE_SIGN_ENTITLEMENTS = KeyCastr.entitlements;
				COMBINE_HIDPI_IMAGES = YES;
				INFOPLIST_KEY_LSApplicationCategoryType = "public.app-category.productivity";
				INFOPLIST_KEY_LSUIElement = YES;
				INFOPLIST_KEY_NSHumanReadableCopyright = "Copyright © 2009-2026 Stephen Deken, Andrew Kitchen, and contributors.";
				INFOPLIST_KEY_NSInputMonitoringUsageDescription = "KeyCastr needs Input Monitoring to capture keystrokes for on-screen display.";
				INFOPLIST_KEY_NSMainStoryboardFile = "";
				INFOPLIST_KEY_NSPrincipalClass = NSApplication;
				LD_RUNPATH_SEARCH_PATHS = "@executable_path/../Frameworks";
				PRODUCT_BUNDLE_IDENTIFIER = io.github.keycastr.KeyCastr;
				PRODUCT_NAME = KeyCastr;
				SDKROOT = macosx;
			};
			name = Release;
		};
		FDEC17BC3FA3DDA4408B67FE /* Release */ = {
			isa = XCBuildConfiguration;
			buildSettings = {
				BUILD_LIBRARY_FOR_DISTRIBUTION = NO;
				CODE_SIGN_IDENTITY = "";
				COMBINE_HIDPI_IMAGES = YES;
				CURRENT_PROJECT_VERSION = 1;
				DEFINES_MODULE = YES;
				DYLIB_COMPATIBILITY_VERSION = 1;
				DYLIB_CURRENT_VERSION = 1;
				DYLIB_INSTALL_NAME_BASE = "@rpath";
				ENABLE_MODULE_VERIFIER = YES;
				INSTALL_PATH = "$(LOCAL_LIBRARY_DIR)/Frameworks";
				LD_RUNPATH_SEARCH_PATHS = (
					"@executable_path/../Frameworks",
					"@loader_path/Frameworks",
				);
				MODULE_VERIFIER_SUPPORTED_LANGUAGE_STANDARDS = "gnu11 gnu++14";
				PRODUCT_BUNDLE_IDENTIFIER = io.github.keycastr.Visualizer;
				PRODUCT_NAME = Visualizer;
				SDKROOT = macosx;
				SKIP_INSTALL = YES;
				VERSIONING_SYSTEM = "apple-generic";
			};
			name = Release;
		};
/* End XCBuildConfiguration section */

/* Begin XCConfigurationList section */
		18C462C6F16FFEFAA30F8A57 /* Build configuration list for PBXProject "KeyCastr" */ = {
			isa = XCConfigurationList;
			buildConfigurations = (
				EC743FE949AC20F0070B8311 /* Debug */,
				196F835DA038852E6036DB70 /* Release */,
			);
			defaultConfigurationIsVisible = 0;
			defaultConfigurationName = Release;
		};
		5FF9A78760B72909BD8EC3F4 /* Build configuration list for PBXNativeTarget "KCDefaultVisualizer" */ = {
			isa = XCConfigurationList;
			buildConfigurations = (
				F8C48E47063AD130B3E43014 /* Debug */,
				14E7307FFBECC9C5A82E9443 /* Release */,
			);
			defaultConfigurationIsVisible = 0;
			defaultConfigurationName = Release;
		};
		814F94DBF576E5829652B241 /* Build configuration list for PBXNativeTarget "KeyCastr" */ = {
			isa = XCConfigurationList;
			buildConfigurations = (
				6C6BA950FA52122B5753C8EF /* Debug */,
				FBF111E0742EA36F078FC683 /* Release */,
			);
			defaultConfigurationIsVisible = 0;
			defaultConfigurationName = Release;
		};
		C2AC94EF8508C968122BEE55 /* Build configuration list for PBXNativeTarget "KeyCastrTests" */ = {
			isa = XCConfigurationList;
			buildConfigurations = (
				0CA147163C47D67BD91F29EB /* Debug */,
				54A2D94FF17A8C2A8D6E29FF /* Release */,
			);
			defaultConfigurationIsVisible = 0;
			defaultConfigurationName = Release;
		};
		C68686FEC53004C46A7ADDB9 /* Build configuration list for PBXNativeTarget "Svelte" */ = {
			isa = XCConfigurationList;
			buildConfigurations = (
				F72B92DA00515513E51D49BD /* Debug */,
				8BE0CA5915D4C95AD96C7AAC /* Release */,
			);
			defaultConfigurationIsVisible = 0;
			defaultConfigurationName = Release;
		};
		CAF84F39C09A49498235F144 /* Build configuration list for PBXNativeTarget "Visualizer" */ = {
			isa = XCConfigurationList;
			buildConfigurations = (
				CC490983A8AE306B72CAC347 /* Debug */,
				FDEC17BC3FA3DDA4408B67FE /* Release */,
			);
			defaultConfigurationIsVisible = 0;
			defaultConfigurationName = Release;
		};
/* End XCConfigurationList section */
	};
	rootObject = 7AB83407E004EDD0EDBCC46F /* Project object */;
}
